
Microsoft Visual Studio Solution File, Format Version 12.00
# Visual Studio Version 17
VisualStudioVersion = 17.2.32602.215
MinimumVisualStudioVersion = 10.0.40219.1
Project("{9A19103F-16F7-4668-BE54-9A1E7A4F7556}") = "HikRCS.AspNetCore", "HikRCS.AspNetCore\HikRCS.AspNetCore.csproj", "{5B1A55D1-F5B8-475F-882E-F5B11AF131CB}"
EndProject
Project("{9A19103F-16F7-4668-BE54-9A1E7A4F7556}") = "HikRCSIntegration.Test", "HikRCSIntegration.Test\HikRCSIntegration.Test.csproj", "{9FD674DE-9DFA-42CA-AE08-D0300499D2FC}"
EndProject
Project("{2150E333-8FDC-42A3-9474-1A3956D46DE8}") = "解决方案项", "解决方案项", "{626A3179-BC75-4A33-B1B6-F43D96097242}"
	ProjectSection(SolutionItems) = preProject
		README.md = README.md
		厂内物流调度控制系统RCS-2000 V3.1.3 对外任务接口文档.pdf = 厂内物流调度控制系统RCS-2000 V3.1.3 对外任务接口文档.pdf
	EndProjectSection
EndProject
Project("{FAE04EC0-301F-11D3-BF4B-00C04F79EFBC}") = "HikRCS.Client", "HikRCS.Client\HikRCS.Client.csproj", "{FA718C51-014D-4F66-865C-3169B7BB79FD}"
EndProject
Global
	GlobalSection(SolutionConfigurationPlatforms) = preSolution
		Debug|Any CPU = Debug|Any CPU
		Release|Any CPU = Release|Any CPU
	EndGlobalSection
	GlobalSection(ProjectConfigurationPlatforms) = postSolution
		{5B1A55D1-F5B8-475F-882E-F5B11AF131CB}.Debug|Any CPU.ActiveCfg = Debug|Any CPU
		{5B1A55D1-F5B8-475F-882E-F5B11AF131CB}.Debug|Any CPU.Build.0 = Debug|Any CPU
		{5B1A55D1-F5B8-475F-882E-F5B11AF131CB}.Release|Any CPU.ActiveCfg = Release|Any CPU
		{5B1A55D1-F5B8-475F-882E-F5B11AF131CB}.Release|Any CPU.Build.0 = Release|Any CPU
		{9FD674DE-9DFA-42CA-AE08-D0300499D2FC}.Debug|Any CPU.ActiveCfg = Debug|Any CPU
		{9FD674DE-9DFA-42CA-AE08-D0300499D2FC}.Debug|Any CPU.Build.0 = Debug|Any CPU
		{9FD674DE-9DFA-42CA-AE08-D0300499D2FC}.Release|Any CPU.ActiveCfg = Release|Any CPU
		{9FD674DE-9DFA-42CA-AE08-D0300499D2FC}.Release|Any CPU.Build.0 = Release|Any CPU
		{FA718C51-014D-4F66-865C-3169B7BB79FD}.Debug|Any CPU.ActiveCfg = Debug|Any CPU
		{FA718C51-014D-4F66-865C-3169B7BB79FD}.Debug|Any CPU.Build.0 = Debug|Any CPU
		{FA718C51-014D-4F66-865C-3169B7BB79FD}.Release|Any CPU.ActiveCfg = Release|Any CPU
		{FA718C51-014D-4F66-865C-3169B7BB79FD}.Release|Any CPU.Build.0 = Release|Any CPU
	EndGlobalSection
	GlobalSection(SolutionProperties) = preSolution
		HideSolutionNode = FALSE
	EndGlobalSection
	GlobalSection(ExtensibilityGlobals) = postSolution
		SolutionGuid = {3CEB7BBD-F9A2-44BF-8219-62EBCDB6846C}
	EndGlobalSection
EndGlobal
